// !$*UTF8*$!
{
	archiveVersion = 1;
	classes = {
	};
	objectVersion = 77;
	objects = {

/* Begin PBXBuildFile section */
		AFA8CA3E2DDF43EB00CAF42B /* MoviaApp.swift in Sources */ = {isa = PBXBuildFile; fileRef = AFA8CA3B2DDF43EB00CAF42B /* MoviaApp.swift */; };
		AFA8CA3F2DDF43EB00CAF42B /* Preview Assets.xcassets in Resources */ = {isa = PBXBuildFile; fileRef = AFA8CA372DDF43EB00CAF42B /* Preview Assets.xcassets */; };
		AFA8CA402DDF43EB00CAF42B /* Assets.xcassets in Resources */ = {isa = PBXBuildFile; fileRef = AFA8CA392DDF43EB00CAF42B /* Assets.xcassets */; };
		AFA8CA472DDF446000CAF42B /* LoginView.swift in Sources */ = {isa = PBXBuildFile; fileRef = AFA8CA462DDF446000CAF42B /* LoginView.swift */; };
		AFA8CA492DDF446E00CAF42B /* RegisterView.swift in Sources */ = {isa = PBXBuildFile; fileRef = AFA8CA482DDF446E00CAF42B /* RegisterView.swift */; };
		AFA8CA4C2DDF448B00CAF42B /* LoginViewModel.swift in Sources */ = {isa = PBXBuildFile; fileRef = AFA8CA4B2DDF448B00CAF42B /* LoginViewModel.swift */; };
		AFA8CA4E2DDF449400CAF42B /* RegisterViewModel.swift in Sources */ = {isa = PBXBuildFile; fileRef = AFA8CA4D2DDF449400CAF42B /* RegisterViewModel.swift */; };
		AFA8CA502DDF44A600CAF42B /* InputTextField.swift in Sources */ = {isa = PBXBuildFile; fileRef = AFA8CA4F2DDF44A600CAF42B /* InputTextField.swift */; };
		AFA8CA522DDF44B300CAF42B /* User.swift in Sources */ = {isa = PBXBuildFile; fileRef = AFA8CA512DDF44B300CAF42B /* User.swift */; };
		AFA8CA542DDF471E00CAF42B /* MainButton.swift in Sources */ = {isa = PBXBuildFile; fileRef = AFA8CA532DDF471E00CAF42B /* MainButton.swift */; };
		AFA8CA562DDF4B4100CAF42B /* PasswordRulesView.swift in Sources */ = {isa = PBXBuildFile; fileRef = AFA8CA552DDF4B4100CAF42B /* PasswordRulesView.swift */; };
		AFA8CA582DDF4C1800CAF42B /* EmailRulesView.swift in Sources */ = {isa = PBXBuildFile; fileRef = AFA8CA572DDF4C1800CAF42B /* EmailRulesView.swift */; };
		AFA8CA5B2DDF5F6500CAF42B /* View+Ext.swift in Sources */ = {isa = PBXBuildFile; fileRef = AFA8CA5A2DDF5F6500CAF42B /* View+Ext.swift */; };
		AFA8CA5F2DDF613100CAF42B /* LoginState.swift in Sources */ = {isa = PBXBuildFile; fileRef = AFA8CA5E2DDF613100CAF42B /* LoginState.swift */; };
		AFA8CA612DDF614200CAF42B /* RegisterState.swift in Sources */ = {isa = PBXBuildFile; fileRef = AFA8CA602DDF614200CAF42B /* RegisterState.swift */; };
		AFA8CA642DDF73EF00CAF42B /* NetworkError.swift in Sources */ = {isa = PBXBuildFile; fileRef = AFA8CA632DDF73EF00CAF42B /* NetworkError.swift */; };
		AFA8CA662DDF73FD00CAF42B /* NetworkService.swift in Sources */ = {isa = PBXBuildFile; fileRef = AFA8CA652DDF73FD00CAF42B /* NetworkService.swift */; };
		AFA8CA682DDF740A00CAF42B /* AuthService.swift in Sources */ = {isa = PBXBuildFile; fileRef = AFA8CA672DDF740A00CAF42B /* AuthService.swift */; };
		AFA8CA6A2DDF838400CAF42B /* AuthResponse.swift in Sources */ = {isa = PBXBuildFile; fileRef = AFA8CA692DDF838400CAF42B /* AuthResponse.swift */; };
		AFA8CA6C2DDF83A000CAF42B /* LoginRequest.swift in Sources */ = {isa = PBXBuildFile; fileRef = AFA8CA6B2DDF83A000CAF42B /* LoginRequest.swift */; };
		AFA8CA6E2DDF83B000CAF42B /* RegisterRequest.swift in Sources */ = {isa = PBXBuildFile; fileRef = AFA8CA6D2DDF83B000CAF42B /* RegisterRequest.swift */; };
		AFA8CA732DDF85E400CAF42B /* Strings.swift in Sources */ = {isa = PBXBuildFile; fileRef = AFA8CA722DDF85E400CAF42B /* Strings.swift */; };
		AFA8CA752DDF85FF00CAF42B /* IconNames.swift in Sources */ = {isa = PBXBuildFile; fileRef = AFA8CA742DDF85FF00CAF42B /* IconNames.swift */; };
		AFA8CA772DDFC5DC00CAF42B /* Movie.swift in Sources */ = {isa = PBXBuildFile; fileRef = AFA8CA762DDFC5DC00CAF42B /* Movie.swift */; };
		AFA8CA792DDFC5FB00CAF42B /* MovieService.swift in Sources */ = {isa = PBXBuildFile; fileRef = AFA8CA782DDFC5FB00CAF42B /* MovieService.swift */; };
		AFA8CA7C2DDFC62100CAF42B /* HomeViewModel.swift in Sources */ = {isa = PBXBuildFile; fileRef = AFA8CA7B2DDFC62100CAF42B /* HomeViewModel.swift */; };
		AFA8CA7F2DDFC64100CAF42B /* HomeView.swift in Sources */ = {isa = PBXBuildFile; fileRef = AFA8CA7E2DDFC64100CAF42B /* HomeView.swift */; };
		AFA8CA812DDFD77900CAF42B /* MovieDetailView.swift in Sources */ = {isa = PBXBuildFile; fileRef = AFA8CA802DDFD77900CAF42B /* MovieDetailView.swift */; };
		AFA8CA862DDFE23200CAF42B /* ImageCache.swift in Sources */ = {isa = PBXBuildFile; fileRef = AFA8CA852DDFE23200CAF42B /* ImageCache.swift */; };
		AFA8CA882DDFE25B00CAF42B /* CachedImage.swift in Sources */ = {isa = PBXBuildFile; fileRef = AFA8CA872DDFE25B00CAF42B /* CachedImage.swift */; };
		AFA8CA8B2DE07A0300CAF42B /* FavoritesView.swift in Sources */ = {isa = PBXBuildFile; fileRef = AFA8CA8A2DE07A0300CAF42B /* FavoritesView.swift */; };
		AFA8CA8E2DE07A1B00CAF42B /* ProfileView.swift in Sources */ = {isa = PBXBuildFile; fileRef = AFA8CA8D2DE07A1B00CAF42B /* ProfileView.swift */; };
		AFA8CA912DE07A4900CAF42B /* MainTabView.swift in Sources */ = {isa = PBXBuildFile; fileRef = AFA8CA902DE07A4900CAF42B /* MainTabView.swift */; };
		AFA8CA932DE080B600CAF42B /* LoginResponse.swift in Sources */ = {isa = PBXBuildFile; fileRef = AFA8CA922DE080B600CAF42B /* LoginResponse.swift */; };
		AFA8CA952DE0879700CAF42B /* ProfileUpdateRequest.swift in Sources */ = {isa = PBXBuildFile; fileRef = AFA8CA942DE0879700CAF42B /* ProfileUpdateRequest.swift */; };
		AFA8CA972DE087B400CAF42B /* ProfileUpdateResponse.swift in Sources */ = {isa = PBXBuildFile; fileRef = AFA8CA962DE087B400CAF42B /* ProfileUpdateResponse.swift */; };
		AFA8CA9A2DE087EE00CAF42B /* EditProfileViewModel.swift in Sources */ = {isa = PBXBuildFile; fileRef = AFA8CA992DE087EE00CAF42B /* EditProfileViewModel.swift */; };
		AFA8CA9C2DE0880A00CAF42B /* EditProfileView.swift in Sources */ = {isa = PBXBuildFile; fileRef = AFA8CA9B2DE0880A00CAF42B /* EditProfileView.swift */; };
		AFA8CA9E2DE08B8300CAF42B /* EditProfileState.swift in Sources */ = {isa = PBXBuildFile; fileRef = AFA8CA9D2DE08B8300CAF42B /* EditProfileState.swift */; };
		AFA8CAA02DE08D4000CAF42B /* HomeState.swift in Sources */ = {isa = PBXBuildFile; fileRef = AFA8CA9F2DE08D4000CAF42B /* HomeState.swift */; };
		AFA8CAA22DE38F6800CAF42B /* LikeResponse.swift in Sources */ = {isa = PBXBuildFile; fileRef = AFA8CAA12DE38F6800CAF42B /* LikeResponse.swift */; };
		AFA8CAA52DE38F9D00CAF42B /* MovieLikeProtocol.swift in Sources */ = {isa = PBXBuildFile; fileRef = AFA8CAA42DE38F9D00CAF42B /* MovieLikeProtocol.swift */; };
		AFA8CAA82DE3902300CAF42B /* MovieDetailState.swift in Sources */ = {isa = PBXBuildFile; fileRef = AFA8CAA72DE3902300CAF42B /* MovieDetailState.swift */; };
		AFA8CAAA2DE3903F00CAF42B /* MovieDetailViewModel.swift in Sources */ = {isa = PBXBuildFile; fileRef = AFA8CAA92DE3903F00CAF42B /* MovieDetailViewModel.swift */; };
		AFA8CAAC2DE3A3F900CAF42B /* HTTPMethod.swift in Sources */ = {isa = PBXBuildFile; fileRef = AFA8CAAB2DE3A3F900CAF42B /* HTTPMethod.swift */; };
		AFA8CAAE2DE3A40B00CAF42B /* HTTPHeader.swift in Sources */ = {isa = PBXBuildFile; fileRef = AFA8CAAD2DE3A40B00CAF42B /* HTTPHeader.swift */; };
		AFA8CAB02DE3A6B100CAF42B /* APIConstants.swift in Sources */ = {isa = PBXBuildFile; fileRef = AFA8CAAF2DE3A6B100CAF42B /* APIConstants.swift */; };
		AFA8CAB32DE3AF2A00CAF42B /* AlertManager.swift in Sources */ = {isa = PBXBuildFile; fileRef = AFA8CAB22DE3AF2A00CAF42B /* AlertManager.swift */; };
		AFA8CAB62DE3B5F600CAF42B /* AlertType.swift in Sources */ = {isa = PBXBuildFile; fileRef = AFA8CAB52DE3B5F600CAF42B /* AlertType.swift */; };
		AFA8CAB82DE3B60900CAF42B /* AlertState.swift in Sources */ = {isa = PBXBuildFile; fileRef = AFA8CAB72DE3B60900CAF42B /* AlertState.swift */; };
		AFA8CABA2DE3B8A500CAF42B /* AlertManagerModifier.swift in Sources */ = {isa = PBXBuildFile; fileRef = AFA8CAB92DE3B8A500CAF42B /* AlertManagerModifier.swift */; };
		AFA8CABC2DE3B93400CAF42B /* FavoriteMovieRow.swift in Sources */ = {isa = PBXBuildFile; fileRef = AFA8CABB2DE3B93400CAF42B /* FavoriteMovieRow.swift */; };
		AFA8CABE2DE47A9900CAF42B /* NetworkServiceProtocol.swift in Sources */ = {isa = PBXBuildFile; fileRef = AFA8CABD2DE47A9900CAF42B /* NetworkServiceProtocol.swift */; };
		AFA8CAC02DE47ACC00CAF42B /* ErrorResponse.swift in Sources */ = {isa = PBXBuildFile; fileRef = AFA8CABF2DE47ACC00CAF42B /* ErrorResponse.swift */; };
		AFA8CAC22DE47AF800CAF42B /* AuthServiceProtocol.swift in Sources */ = {isa = PBXBuildFile; fileRef = AFA8CAC12DE47AF800CAF42B /* AuthServiceProtocol.swift */; };
		AFA8CAC42DE47B1E00CAF42B /* MovieServiceProtocol.swift in Sources */ = {isa = PBXBuildFile; fileRef = AFA8CAC32DE47B1E00CAF42B /* MovieServiceProtocol.swift */; };
/* End PBXBuildFile section */

/* Begin PBXContainerItemProxy section */
		AFA8C9DA2DDF3A2A00CAF42B /* PBXContainerItemProxy */ = {
			isa = PBXContainerItemProxy;
			containerPortal = AFA8C9C12DDF3A2800CAF42B /* Project object */;
			proxyType = 1;
			remoteGlobalIDString = AFA8C9C82DDF3A2800CAF42B;
			remoteInfo = Movia;
		};
		AFA8C9E42DDF3A2A00CAF42B /* PBXContainerItemProxy */ = {
			isa = PBXContainerItemProxy;
			containerPortal = AFA8C9C12DDF3A2800CAF42B /* Project object */;
			proxyType = 1;
			remoteGlobalIDString = AFA8C9C82DDF3A2800CAF42B;
			remoteInfo = Movia;
		};
/* End PBXContainerItemProxy section */

/* Begin PBXFileReference section */
		AFA8C9C92DDF3A2800CAF42B /* Movia.app */ = {isa = PBXFileReference; explicitFileType = wrapper.application; includeInIndex = 0; path = Movia.app; sourceTree = BUILT_PRODUCTS_DIR; };
		AFA8C9D92DDF3A2A00CAF42B /* MoviaTests.xctest */ = {isa = PBXFileReference; explicitFileType = wrapper.cfbundle; includeInIndex = 0; path = MoviaTests.xctest; sourceTree = BUILT_PRODUCTS_DIR; };
		AFA8C9E32DDF3A2A00CAF42B /* MoviaUITests.xctest */ = {isa = PBXFileReference; explicitFileType = wrapper.cfbundle; includeInIndex = 0; path = MoviaUITests.xctest; sourceTree = BUILT_PRODUCTS_DIR; };
		AFA8CA372DDF43EB00CAF42B /* Preview Assets.xcassets */ = {isa = PBXFileReference; lastKnownFileType = folder.assetcatalog; path = "Preview Assets.xcassets"; sourceTree = "<group>"; };
		AFA8CA392DDF43EB00CAF42B /* Assets.xcassets */ = {isa = PBXFileReference; lastKnownFileType = folder.assetcatalog; path = Assets.xcassets; sourceTree = "<group>"; };
		AFA8CA3B2DDF43EB00CAF42B /* MoviaApp.swift */ = {isa = PBXFileReference; lastKnownFileType = sourcecode.swift; path = MoviaApp.swift; sourceTree = "<group>"; };
		AFA8CA462DDF446000CAF42B /* LoginView.swift */ = {isa = PBXFileReference; lastKnownFileType = sourcecode.swift; path = LoginView.swift; sourceTree = "<group>"; };
		AFA8CA482DDF446E00CAF42B /* RegisterView.swift */ = {isa = PBXFileReference; lastKnownFileType = sourcecode.swift; path = RegisterView.swift; sourceTree = "<group>"; };
		AFA8CA4B2DDF448B00CAF42B /* LoginViewModel.swift */ = {isa = PBXFileReference; lastKnownFileType = sourcecode.swift; path = LoginViewModel.swift; sourceTree = "<group>"; };
		AFA8CA4D2DDF449400CAF42B /* RegisterViewModel.swift */ = {isa = PBXFileReference; lastKnownFileType = sourcecode.swift; path = RegisterViewModel.swift; sourceTree = "<group>"; };
		AFA8CA4F2DDF44A600CAF42B /* InputTextField.swift */ = {isa = PBXFileReference; lastKnownFileType = sourcecode.swift; path = InputTextField.swift; sourceTree = "<group>"; };
		AFA8CA512DDF44B300CAF42B /* User.swift */ = {isa = PBXFileReference; lastKnownFileType = sourcecode.swift; path = User.swift; sourceTree = "<group>"; };
		AFA8CA532DDF471E00CAF42B /* MainButton.swift */ = {isa = PBXFileReference; lastKnownFileType = sourcecode.swift; path = MainButton.swift; sourceTree = "<group>"; };
		AFA8CA552DDF4B4100CAF42B /* PasswordRulesView.swift */ = {isa = PBXFileReference; lastKnownFileType = sourcecode.swift; path = PasswordRulesView.swift; sourceTree = "<group>"; };
		AFA8CA572DDF4C1800CAF42B /* EmailRulesView.swift */ = {isa = PBXFileReference; lastKnownFileType = sourcecode.swift; path = EmailRulesView.swift; sourceTree = "<group>"; };
		AFA8CA5A2DDF5F6500CAF42B /* View+Ext.swift */ = {isa = PBXFileReference; lastKnownFileType = sourcecode.swift; path = "View+Ext.swift"; sourceTree = "<group>"; };
		AFA8CA5E2DDF613100CAF42B /* LoginState.swift */ = {isa = PBXFileReference; lastKnownFileType = sourcecode.swift; path = LoginState.swift; sourceTree = "<group>"; };
		AFA8CA602DDF614200CAF42B /* RegisterState.swift */ = {isa = PBXFileReference; lastKnownFileType = sourcecode.swift; path = RegisterState.swift; sourceTree = "<group>"; };
		AFA8CA632DDF73EF00CAF42B /* NetworkError.swift */ = {isa = PBXFileReference; lastKnownFileType = sourcecode.swift; path = NetworkError.swift; sourceTree = "<group>"; };
		AFA8CA652DDF73FD00CAF42B /* NetworkService.swift */ = {isa = PBXFileReference; lastKnownFileType = sourcecode.swift; path = NetworkService.swift; sourceTree = "<group>"; };
		AFA8CA672DDF740A00CAF42B /* AuthService.swift */ = {isa = PBXFileReference; lastKnownFileType = sourcecode.swift; path = AuthService.swift; sourceTree = "<group>"; };
		AFA8CA692DDF838400CAF42B /* AuthResponse.swift */ = {isa = PBXFileReference; lastKnownFileType = sourcecode.swift; path = AuthResponse.swift; sourceTree = "<group>"; };
		AFA8CA6B2DDF83A000CAF42B /* LoginRequest.swift */ = {isa = PBXFileReference; lastKnownFileType = sourcecode.swift; path = LoginRequest.swift; sourceTree = "<group>"; };
		AFA8CA6D2DDF83B000CAF42B /* RegisterRequest.swift */ = {isa = PBXFileReference; lastKnownFileType = sourcecode.swift; path = RegisterRequest.swift; sourceTree = "<group>"; };
		AFA8CA722DDF85E400CAF42B /* Strings.swift */ = {isa = PBXFileReference; lastKnownFileType = sourcecode.swift; path = Strings.swift; sourceTree = "<group>"; };
		AFA8CA742DDF85FF00CAF42B /* IconNames.swift */ = {isa = PBXFileReference; lastKnownFileType = sourcecode.swift; path = IconNames.swift; sourceTree = "<group>"; };
		AFA8CA762DDFC5DC00CAF42B /* Movie.swift */ = {isa = PBXFileReference; lastKnownFileType = sourcecode.swift; path = Movie.swift; sourceTree = "<group>"; };
		AFA8CA782DDFC5FB00CAF42B /* MovieService.swift */ = {isa = PBXFileReference; lastKnownFileType = sourcecode.swift; path = MovieService.swift; sourceTree = "<group>"; };
		AFA8CA7B2DDFC62100CAF42B /* HomeViewModel.swift */ = {isa = PBXFileReference; lastKnownFileType = sourcecode.swift; path = HomeViewModel.swift; sourceTree = "<group>"; };
		AFA8CA7E2DDFC64100CAF42B /* HomeView.swift */ = {isa = PBXFileReference; lastKnownFileType = sourcecode.swift; path = HomeView.swift; sourceTree = "<group>"; };
		AFA8CA802DDFD77900CAF42B /* MovieDetailView.swift */ = {isa = PBXFileReference; lastKnownFileType = sourcecode.swift; path = MovieDetailView.swift; sourceTree = "<group>"; };
		AFA8CA852DDFE23200CAF42B /* ImageCache.swift */ = {isa = PBXFileReference; lastKnownFileType = sourcecode.swift; path = ImageCache.swift; sourceTree = "<group>"; };
		AFA8CA872DDFE25B00CAF42B /* CachedImage.swift */ = {isa = PBXFileReference; lastKnownFileType = sourcecode.swift; path = CachedImage.swift; sourceTree = "<group>"; };
		AFA8CA8A2DE07A0300CAF42B /* FavoritesView.swift */ = {isa = PBXFileReference; lastKnownFileType = sourcecode.swift; path = FavoritesView.swift; sourceTree = "<group>"; };
		AFA8CA8D2DE07A1B00CAF42B /* ProfileView.swift */ = {isa = PBXFileReference; lastKnownFileType = sourcecode.swift; path = ProfileView.swift; sourceTree = "<group>"; };
		AFA8CA902DE07A4900CAF42B /* MainTabView.swift */ = {isa = PBXFileReference; lastKnownFileType = sourcecode.swift; path = MainTabView.swift; sourceTree = "<group>"; };
		AFA8CA922DE080B600CAF42B /* LoginResponse.swift */ = {isa = PBXFileReference; lastKnownFileType = sourcecode.swift; path = LoginResponse.swift; sourceTree = "<group>"; };
		AFA8CA942DE0879700CAF42B /* ProfileUpdateRequest.swift */ = {isa = PBXFileReference; lastKnownFileType = sourcecode.swift; path = ProfileUpdateRequest.swift; sourceTree = "<group>"; };
		AFA8CA962DE087B400CAF42B /* ProfileUpdateResponse.swift */ = {isa = PBXFileReference; lastKnownFileType = sourcecode.swift; path = ProfileUpdateResponse.swift; sourceTree = "<group>"; };
		AFA8CA992DE087EE00CAF42B /* EditProfileViewModel.swift */ = {isa = PBXFileReference; lastKnownFileType = sourcecode.swift; path = EditProfileViewModel.swift; sourceTree = "<group>"; };
		AFA8CA9B2DE0880A00CAF42B /* EditProfileView.swift */ = {isa = PBXFileReference; lastKnownFileType = sourcecode.swift; path = EditProfileView.swift; sourceTree = "<group>"; };
		AFA8CA9D2DE08B8300CAF42B /* EditProfileState.swift */ = {isa = PBXFileReference; lastKnownFileType = sourcecode.swift; path = EditProfileState.swift; sourceTree = "<group>"; };
		AFA8CA9F2DE08D4000CAF42B /* HomeState.swift */ = {isa = PBXFileReference; lastKnownFileType = sourcecode.swift; path = HomeState.swift; sourceTree = "<group>"; };
		AFA8CAA12DE38F6800CAF42B /* LikeResponse.swift */ = {isa = PBXFileReference; lastKnownFileType = sourcecode.swift; path = LikeResponse.swift; sourceTree = "<group>"; };
		AFA8CAA42DE38F9D00CAF42B /* MovieLikeProtocol.swift */ = {isa = PBXFileReference; lastKnownFileType = sourcecode.swift; path = MovieLikeProtocol.swift; sourceTree = "<group>"; };
		AFA8CAA72DE3902300CAF42B /* MovieDetailState.swift */ = {isa = PBXFileReference; lastKnownFileType = sourcecode.swift; path = MovieDetailState.swift; sourceTree = "<group>"; };
		AFA8CAA92DE3903F00CAF42B /* MovieDetailViewModel.swift */ = {isa = PBXFileReference; lastKnownFileType = sourcecode.swift; path = MovieDetailViewModel.swift; sourceTree = "<group>"; };
		AFA8CAAB2DE3A3F900CAF42B /* HTTPMethod.swift */ = {isa = PBXFileReference; lastKnownFileType = sourcecode.swift; path = HTTPMethod.swift; sourceTree = "<group>"; };
		AFA8CAAD2DE3A40B00CAF42B /* HTTPHeader.swift */ = {isa = PBXFileReference; lastKnownFileType = sourcecode.swift; path = HTTPHeader.swift; sourceTree = "<group>"; };
		AFA8CAAF2DE3A6B100CAF42B /* APIConstants.swift */ = {isa = PBXFileReference; lastKnownFileType = sourcecode.swift; path = APIConstants.swift; sourceTree = "<group>"; };
		AFA8CAB22DE3AF2A00CAF42B /* AlertManager.swift */ = {isa = PBXFileReference; lastKnownFileType = sourcecode.swift; path = AlertManager.swift; sourceTree = "<group>"; };
		AFA8CAB52DE3B5F600CAF42B /* AlertType.swift */ = {isa = PBXFileReference; lastKnownFileType = sourcecode.swift; path = AlertType.swift; sourceTree = "<group>"; };
		AFA8CAB72DE3B60900CAF42B /* AlertState.swift */ = {isa = PBXFileReference; lastKnownFileType = sourcecode.swift; path = AlertState.swift; sourceTree = "<group>"; };
		AFA8CAB92DE3B8A500CAF42B /* AlertManagerModifier.swift */ = {isa = PBXFileReference; lastKnownFileType = sourcecode.swift; path = AlertManagerModifier.swift; sourceTree = "<group>"; };
		AFA8CABB2DE3B93400CAF42B /* FavoriteMovieRow.swift */ = {isa = PBXFileReference; lastKnownFileType = sourcecode.swift; path = FavoriteMovieRow.swift; sourceTree = "<group>"; };
		AFA8CABD2DE47A9900CAF42B /* NetworkServiceProtocol.swift */ = {isa = PBXFileReference; lastKnownFileType = sourcecode.swift; path = NetworkServiceProtocol.swift; sourceTree = "<group>"; };
		AFA8CABF2DE47ACC00CAF42B /* ErrorResponse.swift */ = {isa = PBXFileReference; lastKnownFileType = sourcecode.swift; path = ErrorResponse.swift; sourceTree = "<group>"; };
		AFA8CAC12DE47AF800CAF42B /* AuthServiceProtocol.swift */ = {isa = PBXFileReference; lastKnownFileType = sourcecode.swift; path = AuthServiceProtocol.swift; sourceTree = "<group>"; };
		AFA8CAC32DE47B1E00CAF42B /* MovieServiceProtocol.swift */ = {isa = PBXFileReference; lastKnownFileType = sourcecode.swift; path = MovieServiceProtocol.swift; sourceTree = "<group>"; };
/* End PBXFileReference section */

/* Begin PBXFileSystemSynchronizedRootGroup section */
		AFA8C9DC2DDF3A2A00CAF42B /* MoviaTests */ = {
			isa = PBXFileSystemSynchronizedRootGroup;
			path = MoviaTests;
			sourceTree = "<group>";
		};
		AFA8C9E62DDF3A2A00CAF42B /* MoviaUITests */ = {
			isa = PBXFileSystemSynchronizedRootGroup;
			path = MoviaUITests;
			sourceTree = "<group>";
		};
/* End PBXFileSystemSynchronizedRootGroup section */

/* Begin PBXFrameworksBuildPhase section */
		AFA8C9C62DDF3A2800CAF42B /* Frameworks */ = {
			isa = PBXFrameworksBuildPhase;
			buildActionMask = 2147483647;
			files = (
			);
			runOnlyForDeploymentPostprocessing = 0;
		};
		AFA8C9D62DDF3A2A00CAF42B /* Frameworks */ = {
			isa = PBXFrameworksBuildPhase;
			buildActionMask = 2147483647;
			files = (
			);
			runOnlyForDeploymentPostprocessing = 0;
		};
		AFA8C9E02DDF3A2A00CAF42B /* Frameworks */ = {
			isa = PBXFrameworksBuildPhase;
			buildActionMask = 2147483647;
			files = (
			);
			runOnlyForDeploymentPostprocessing = 0;
		};
/* End PBXFrameworksBuildPhase section */

/* Begin PBXGroup section */
		AFA8C9C02DDF3A2800CAF42B = {
			isa = PBXGroup;
			children = (
				AFA8CA3C2DDF43EB00CAF42B /* Movia */,
				AFA8C9DC2DDF3A2A00CAF42B /* MoviaTests */,
				AFA8C9E62DDF3A2A00CAF42B /* MoviaUITests */,
				AFA8C9CA2DDF3A2800CAF42B /* Products */,
			);
			sourceTree = "<group>";
		};
		AFA8C9CA2DDF3A2800CAF42B /* Products */ = {
			isa = PBXGroup;
			children = (
				AFA8C9C92DDF3A2800CAF42B /* Movia.app */,
				AFA8C9D92DDF3A2A00CAF42B /* MoviaTests.xctest */,
				AFA8C9E32DDF3A2A00CAF42B /* MoviaUITests.xctest */,
			);
			name = Products;
			sourceTree = "<group>";
		};
		AFA8CA382DDF43EB00CAF42B /* Preview Content */ = {
			isa = PBXGroup;
			children = (
				AFA8CA372DDF43EB00CAF42B /* Preview Assets.xcassets */,
			);
			path = "Preview Content";
			sourceTree = "<group>";
		};
		AFA8CA3C2DDF43EB00CAF42B /* Movia */ = {
			isa = PBXGroup;
			children = (
				AFA8CA382DDF43EB00CAF42B /* Preview Content */,
				AFA8CA622DDF73D000CAF42B /* Network */,
				AFA8CA592DDF5F4A00CAF42B /* Extensions */,
				AFA8CA442DDF441700CAF42B /* Models */,
				AFA8CAA32DE38F8E00CAF42B /* Protocols */,
				AFA8CAB12DE3AF0C00CAF42B /* Managers */,
				AFA8CA6F2DDF857E00CAF42B /* Enum */,
				AFA8CA842DDFE22000CAF42B /* Utils */,
				AFA8CA412DDF43EF00CAF42B /* Views */,
				AFA8CA422DDF440000CAF42B /* ViewModels */,
				AFA8CA432DDF440B00CAF42B /* Components */,
				AFA8CA392DDF43EB00CAF42B /* Assets.xcassets */,
				AFA8CA3B2DDF43EB00CAF42B /* MoviaApp.swift */,
			);
			path = Movia;
			sourceTree = "<group>";
		};
		AFA8CA412DDF43EF00CAF42B /* Views */ = {
			isa = PBXGroup;
			children = (
				AFA8CA8F2DE07A3F00CAF42B /* MainTab */,
				AFA8CA8C2DE07A1100CAF42B /* Profile */,
				AFA8CA892DE079F800CAF42B /* Favorites */,
				AFA8CA7D2DDFC63800CAF42B /* Home */,
				AFA8CA5D2DDF610600CAF42B /* Register */,
				AFA8CA452DDF444F00CAF42B /* Login */,
			);
			path = Views;
			sourceTree = "<group>";
		};
		AFA8CA422DDF440000CAF42B /* ViewModels */ = {
			isa = PBXGroup;
			children = (
				AFA8CAA62DE3901600CAF42B /* MovieDetail */,
				AFA8CA982DE087E200CAF42B /* Profile */,
				AFA8CA7A2DDFC61700CAF42B /* Home */,
				AFA8CA5C2DDF60ED00CAF42B /* Register */,
				AFA8CA4A2DDF447F00CAF42B /* Login */,
			);
			path = ViewModels;
			sourceTree = "<group>";
		};
		AFA8CA432DDF440B00CAF42B /* Components */ = {
			isa = PBXGroup;
			children = (
				AFA8CA4F2DDF44A600CAF42B /* InputTextField.swift */,
				AFA8CA532DDF471E00CAF42B /* MainButton.swift */,
				AFA8CA872DDFE25B00CAF42B /* CachedImage.swift */,
			);
			path = Components;
			sourceTree = "<group>";
		};
		AFA8CA442DDF441700CAF42B /* Models */ = {
			isa = PBXGroup;
			children = (
				AFA8CA762DDFC5DC00CAF42B /* Movie.swift */,
				AFA8CA512DDF44B300CAF42B /* User.swift */,
				AFA8CA6D2DDF83B000CAF42B /* RegisterRequest.swift */,
				AFA8CA692DDF838400CAF42B /* AuthResponse.swift */,
				AFA8CA6B2DDF83A000CAF42B /* LoginRequest.swift */,
				AFA8CA922DE080B600CAF42B /* LoginResponse.swift */,
				AFA8CA942DE0879700CAF42B /* ProfileUpdateRequest.swift */,
				AFA8CA962DE087B400CAF42B /* ProfileUpdateResponse.swift */,
				AFA8CAA12DE38F6800CAF42B /* LikeResponse.swift */,
				AFA8CABF2DE47ACC00CAF42B /* ErrorResponse.swift */,
			);
			path = Models;
			sourceTree = "<group>";
		};
		AFA8CA452DDF444F00CAF42B /* Login */ = {
			isa = PBXGroup;
			children = (
				AFA8CA462DDF446000CAF42B /* LoginView.swift */,
			);
			path = Login;
			sourceTree = "<group>";
		};
		AFA8CA4A2DDF447F00CAF42B /* Login */ = {
			isa = PBXGroup;
			children = (
				AFA8CA4B2DDF448B00CAF42B /* LoginViewModel.swift */,
				AFA8CA5E2DDF613100CAF42B /* LoginState.swift */,
			);
			path = Login;
			sourceTree = "<group>";
		};
		AFA8CA592DDF5F4A00CAF42B /* Extensions */ = {
			isa = PBXGroup;
			children = (
				AFA8CA5A2DDF5F6500CAF42B /* View+Ext.swift */,
			);
			path = Extensions;
			sourceTree = "<group>";
		};
		AFA8CA5C2DDF60ED00CAF42B /* Register */ = {
			isa = PBXGroup;
			children = (
				AFA8CA4D2DDF449400CAF42B /* RegisterViewModel.swift */,
				AFA8CA602DDF614200CAF42B /* RegisterState.swift */,
			);
			path = Register;
			sourceTree = "<group>";
		};
		AFA8CA5D2DDF610600CAF42B /* Register */ = {
			isa = PBXGroup;
			children = (
				AFA8CA482DDF446E00CAF42B /* RegisterView.swift */,
				AFA8CA552DDF4B4100CAF42B /* PasswordRulesView.swift */,
				AFA8CA572DDF4C1800CAF42B /* EmailRulesView.swift */,
			);
			path = Register;
			sourceTree = "<group>";
		};
		AFA8CA622DDF73D000CAF42B /* Network */ = {
			isa = PBXGroup;
			children = (
				AFA8CA632DDF73EF00CAF42B /* NetworkError.swift */,
				AFA8CA652DDF73FD00CAF42B /* NetworkService.swift */,
				AFA8CA672DDF740A00CAF42B /* AuthService.swift */,
				AFA8CA782DDFC5FB00CAF42B /* MovieService.swift */,
			);
			path = Network;
			sourceTree = "<group>";
		};
		AFA8CA6F2DDF857E00CAF42B /* Enum */ = {
			isa = PBXGroup;
			children = (
				AFA8CA722DDF85E400CAF42B /* Strings.swift */,
				AFA8CA742DDF85FF00CAF42B /* IconNames.swift */,
				AFA8CAAB2DE3A3F900CAF42B /* HTTPMethod.swift */,
				AFA8CAAD2DE3A40B00CAF42B /* HTTPHeader.swift */,
				AFA8CAAF2DE3A6B100CAF42B /* APIConstants.swift */,
			);
			path = Enum;
			sourceTree = "<group>";
		};
		AFA8CA7A2DDFC61700CAF42B /* Home */ = {
			isa = PBXGroup;
			children = (
				AFA8CA7B2DDFC62100CAF42B /* HomeViewModel.swift */,
				AFA8CA9F2DE08D4000CAF42B /* HomeState.swift */,
			);
			path = Home;
			sourceTree = "<group>";
		};
		AFA8CA7D2DDFC63800CAF42B /* Home */ = {
			isa = PBXGroup;
			children = (
				AFA8CA7E2DDFC64100CAF42B /* HomeView.swift */,
				AFA8CA802DDFD77900CAF42B /* MovieDetailView.swift */,
			);
			path = Home;
			sourceTree = "<group>";
		};
		AFA8CA842DDFE22000CAF42B /* Utils */ = {
			isa = PBXGroup;
			children = (
				AFA8CA852DDFE23200CAF42B /* ImageCache.swift */,
			);
			path = Utils;
			sourceTree = "<group>";
		};
		AFA8CA892DE079F800CAF42B /* Favorites */ = {
			isa = PBXGroup;
			children = (
				AFA8CA8A2DE07A0300CAF42B /* FavoritesView.swift */,
				AFA8CABB2DE3B93400CAF42B /* FavoriteMovieRow.swift */,
			);
			path = Favorites;
			sourceTree = "<group>";
		};
		AFA8CA8C2DE07A1100CAF42B /* Profile */ = {
			isa = PBXGroup;
			children = (
				AFA8CA8D2DE07A1B00CAF42B /* ProfileView.swift */,
				AFA8CA9B2DE0880A00CAF42B /* EditProfileView.swift */,
			);
			path = Profile;
			sourceTree = "<group>";
		};
		AFA8CA8F2DE07A3F00CAF42B /* MainTab */ = {
			isa = PBXGroup;
			children = (
				AFA8CA902DE07A4900CAF42B /* MainTabView.swift */,
			);
			path = MainTab;
			sourceTree = "<group>";
		};
		AFA8CA982DE087E200CAF42B /* Profile */ = {
			isa = PBXGroup;
			children = (
				AFA8CA992DE087EE00CAF42B /* EditProfileViewModel.swift */,
				AFA8CA9D2DE08B8300CAF42B /* EditProfileState.swift */,
			);
			path = Profile;
			sourceTree = "<group>";
		};
		AFA8CAA32DE38F8E00CAF42B /* Protocols */ = {
			isa = PBXGroup;
			children = (
				AFA8CAA42DE38F9D00CAF42B /* MovieLikeProtocol.swift */,
				AFA8CABD2DE47A9900CAF42B /* NetworkServiceProtocol.swift */,
				AFA8CAC12DE47AF800CAF42B /* AuthServiceProtocol.swift */,
				AFA8CAC32DE47B1E00CAF42B /* MovieServiceProtocol.swift */,
			);
			path = Protocols;
			sourceTree = "<group>";
		};
		AFA8CAA62DE3901600CAF42B /* MovieDetail */ = {
			isa = PBXGroup;
			children = (
				AFA8CAA72DE3902300CAF42B /* MovieDetailState.swift */,
				AFA8CAA92DE3903F00CAF42B /* MovieDetailViewModel.swift */,
			);
			path = MovieDetail;
			sourceTree = "<group>";
		};
		AFA8CAB12DE3AF0C00CAF42B /* Managers */ = {
			isa = PBXGroup;
			children = (
				AFA8CAB42DE3B5E700CAF42B /* Alert */,
			);
			path = Managers;
			sourceTree = "<group>";
		};
		AFA8CAB42DE3B5E700CAF42B /* Alert */ = {
			isa = PBXGroup;
			children = (
				AFA8CAB22DE3AF2A00CAF42B /* AlertManager.swift */,
				AFA8CAB52DE3B5F600CAF42B /* AlertType.swift */,
				AFA8CAB72DE3B60900CAF42B /* AlertState.swift */,
				AFA8CAB92DE3B8A500CAF42B /* AlertManagerModifier.swift */,
			);
			path = Alert;
			sourceTree = "<group>";
		};
/* End PBXGroup section */

/* Begin PBXNativeTarget section */
		AFA8C9C82DDF3A2800CAF42B /* Movia */ = {
			isa = PBXNativeTarget;
			buildConfigurationList = AFA8C9ED2DDF3A2A00CAF42B /* Build configuration list for PBXNativeTarget "Movia" */;
			buildPhases = (
				AFA8C9C52DDF3A2800CAF42B /* Sources */,
				AFA8C9C62DDF3A2800CAF42B /* Frameworks */,
				AFA8C9C72DDF3A2800CAF42B /* Resources */,
			);
			buildRules = (
			);
			dependencies = (
			);
			name = Movia;
			packageProductDependencies = (
			);
			productName = Movia;
			productReference = AFA8C9C92DDF3A2800CAF42B /* Movia.app */;
			productType = "com.apple.product-type.application";
		};
		AFA8C9D82DDF3A2A00CAF42B /* MoviaTests */ = {
			isa = PBXNativeTarget;
			buildConfigurationList = AFA8C9F02DDF3A2A00CAF42B /* Build configuration list for PBXNativeTarget "MoviaTests" */;
			buildPhases = (
				AFA8C9D52DDF3A2A00CAF42B /* Sources */,
				AFA8C9D62DDF3A2A00CAF42B /* Frameworks */,
				AFA8C9D72DDF3A2A00CAF42B /* Resources */,
			);
			buildRules = (
			);
			dependencies = (
				AFA8C9DB2DDF3A2A00CAF42B /* PBXTargetDependency */,
			);
			fileSystemSynchronizedGroups = (
				AFA8C9DC2DDF3A2A00CAF42B /* MoviaTests */,
			);
			name = MoviaTests;
			packageProductDependencies = (
			);
			productName = MoviaTests;
			productReference = AFA8C9D92DDF3A2A00CAF42B /* MoviaTests.xctest */;
			productType = "com.apple.product-type.bundle.unit-test";
		};
		AFA8C9E22DDF3A2A00CAF42B /* MoviaUITests */ = {
			isa = PBXNativeTarget;
			buildConfigurationList = AFA8C9F32DDF3A2A00CAF42B /* Build configuration list for PBXNativeTarget "MoviaUITests" */;
			buildPhases = (
				AFA8C9DF2DDF3A2A00CAF42B /* Sources */,
				AFA8C9E02DDF3A2A00CAF42B /* Frameworks */,
				AFA8C9E12DDF3A2A00CAF42B /* Resources */,
			);
			buildRules = (
			);
			dependencies = (
				AFA8C9E52DDF3A2A00CAF42B /* PBXTargetDependency */,
			);
			fileSystemSynchronizedGroups = (
				AFA8C9E62DDF3A2A00CAF42B /* MoviaUITests */,
			);
			name = MoviaUITests;
			packageProductDependencies = (
			);
			productName = MoviaUITests;
			productReference = AFA8C9E32DDF3A2A00CAF42B /* MoviaUITests.xctest */;
			productType = "com.apple.product-type.bundle.ui-testing";
		};
/* End PBXNativeTarget section */

/* Begin PBXProject section */
		AFA8C9C12DDF3A2800CAF42B /* Project object */ = {
			isa = PBXProject;
			attributes = {
				BuildIndependentTargetsInParallel = 1;
				LastSwiftUpdateCheck = 1620;
				LastUpgradeCheck = 1620;
				TargetAttributes = {
					AFA8C9C82DDF3A2800CAF42B = {
						CreatedOnToolsVersion = 16.2;
					};
					AFA8C9D82DDF3A2A00CAF42B = {
						CreatedOnToolsVersion = 16.2;
						TestTargetID = AFA8C9C82DDF3A2800CAF42B;
					};
					AFA8C9E22DDF3A2A00CAF42B = {
						CreatedOnToolsVersion = 16.2;
						TestTargetID = AFA8C9C82DDF3A2800CAF42B;
					};
				};
			};
			buildConfigurationList = AFA8C9C42DDF3A2800CAF42B /* Build configuration list for PBXProject "Movia" */;
			developmentRegion = en;
			hasScannedForEncodings = 0;
			knownRegions = (
				en,
				Base,
			);
			mainGroup = AFA8C9C02DDF3A2800CAF42B;
			minimizedProjectReferenceProxies = 1;
			preferredProjectObjectVersion = 77;
			productRefGroup = AFA8C9CA2DDF3A2800CAF42B /* Products */;
			projectDirPath = "";
			projectRoot = "";
			targets = (
				AFA8C9C82DDF3A2800CAF42B /* Movia */,
				AFA8C9D82DDF3A2A00CAF42B /* MoviaTests */,
				AFA8C9E22DDF3A2A00CAF42B /* MoviaUITests */,
			);
		};
/* End PBXProject section */

/* Begin PBXResourcesBuildPhase section */
		AFA8C9C72DDF3A2800CAF42B /* Resources */ = {
			isa = PBXResourcesBuildPhase;
			buildActionMask = 2147483647;
			files = (
				AFA8CA3F2DDF43EB00CAF42B /* Preview Assets.xcassets in Resources */,
				AFA8CA402DDF43EB00CAF42B /* Assets.xcassets in Resources */,
			);
			runOnlyForDeploymentPostprocessing = 0;
		};
		AFA8C9D72DDF3A2A00CAF42B /* Resources */ = {
			isa = PBXResourcesBuildPhase;
			buildActionMask = 2147483647;
			files = (
			);
			runOnlyForDeploymentPostprocessing = 0;
		};
		AFA8C9E12DDF3A2A00CAF42B /* Resources */ = {
			isa = PBXResourcesBuildPhase;
			buildActionMask = 2147483647;
			files = (
			);
			runOnlyForDeploymentPostprocessing = 0;
		};
/* End PBXResourcesBuildPhase section */

/* Begin PBXSourcesBuildPhase section */
		AFA8C9C52DDF3A2800CAF42B /* Sources */ = {
			isa = PBXSourcesBuildPhase;
			buildActionMask = 2147483647;
			files = (
				AFA8CA472DDF446000CAF42B /* LoginView.swift in Sources */,
				AFA8CA4E2DDF449400CAF42B /* RegisterViewModel.swift in Sources */,
				AFA8CAA52DE38F9D00CAF42B /* MovieLikeProtocol.swift in Sources */,
				AFA8CA6E2DDF83B000CAF42B /* RegisterRequest.swift in Sources */,
				AFA8CAB82DE3B60900CAF42B /* AlertState.swift in Sources */,
				AFA8CA912DE07A4900CAF42B /* MainTabView.swift in Sources */,
				AFA8CA7C2DDFC62100CAF42B /* HomeViewModel.swift in Sources */,
				AFA8CAB32DE3AF2A00CAF42B /* AlertManager.swift in Sources */,
				AFA8CA772DDFC5DC00CAF42B /* Movie.swift in Sources */,
				AFA8CAA22DE38F6800CAF42B /* LikeResponse.swift in Sources */,
				AFA8CAAE2DE3A40B00CAF42B /* HTTPHeader.swift in Sources */,
				AFA8CA6C2DDF83A000CAF42B /* LoginRequest.swift in Sources */,
				AFA8CA542DDF471E00CAF42B /* MainButton.swift in Sources */,
				AFA8CA792DDFC5FB00CAF42B /* MovieService.swift in Sources */,
				AFA8CAA82DE3902300CAF42B /* MovieDetailState.swift in Sources */,
				AFA8CA562DDF4B4100CAF42B /* PasswordRulesView.swift in Sources */,
				AFA8CA6A2DDF838400CAF42B /* AuthResponse.swift in Sources */,
				AFA8CA612DDF614200CAF42B /* RegisterState.swift in Sources */,
				AFA8CA5F2DDF613100CAF42B /* LoginState.swift in Sources */,
				AFA8CA812DDFD77900CAF42B /* MovieDetailView.swift in Sources */,
				AFA8CAC22DE47AF800CAF42B /* AuthServiceProtocol.swift in Sources */,
				AFA8CA492DDF446E00CAF42B /* RegisterView.swift in Sources */,
				AFA8CAAC2DE3A3F900CAF42B /* HTTPMethod.swift in Sources */,
				AFA8CA582DDF4C1800CAF42B /* EmailRulesView.swift in Sources */,
				AFA8CA7F2DDFC64100CAF42B /* HomeView.swift in Sources */,
				AFA8CA642DDF73EF00CAF42B /* NetworkError.swift in Sources */,
				AFA8CAA02DE08D4000CAF42B /* HomeState.swift in Sources */,
				AFA8CA9C2DE0880A00CAF42B /* EditProfileView.swift in Sources */,
				AFA8CA8E2DE07A1B00CAF42B /* ProfileView.swift in Sources */,
				AFA8CA732DDF85E400CAF42B /* Strings.swift in Sources */,
				AFA8CA662DDF73FD00CAF42B /* NetworkService.swift in Sources */,
				AFA8CABA2DE3B8A500CAF42B /* AlertManagerModifier.swift in Sources */,
				AFA8CAAA2DE3903F00CAF42B /* MovieDetailViewModel.swift in Sources */,
				AFA8CA972DE087B400CAF42B /* ProfileUpdateResponse.swift in Sources */,
				AFA8CAB62DE3B5F600CAF42B /* AlertType.swift in Sources */,
				AFA8CA8B2DE07A0300CAF42B /* FavoritesView.swift in Sources */,
				AFA8CABC2DE3B93400CAF42B /* FavoriteMovieRow.swift in Sources */,
				AFA8CA932DE080B600CAF42B /* LoginResponse.swift in Sources */,
				AFA8CA752DDF85FF00CAF42B /* IconNames.swift in Sources */,
				AFA8CABE2DE47A9900CAF42B /* NetworkServiceProtocol.swift in Sources */,
				AFA8CA522DDF44B300CAF42B /* User.swift in Sources */,
				AFA8CA5B2DDF5F6500CAF42B /* View+Ext.swift in Sources */,
				AFA8CA4C2DDF448B00CAF42B /* LoginViewModel.swift in Sources */,
				AFA8CA9E2DE08B8300CAF42B /* EditProfileState.swift in Sources */,
				AFA8CAC42DE47B1E00CAF42B /* MovieServiceProtocol.swift in Sources */,
				AFA8CA682DDF740A00CAF42B /* AuthService.swift in Sources */,
				AFA8CA952DE0879700CAF42B /* ProfileUpdateRequest.swift in Sources */,
				AFA8CA502DDF44A600CAF42B /* InputTextField.swift in Sources */,
				AFA8CA862DDFE23200CAF42B /* ImageCache.swift in Sources */,
				AFA8CAB02DE3A6B100CAF42B /* APIConstants.swift in Sources */,
				AFA8CA9A2DE087EE00CAF42B /* EditProfileViewModel.swift in Sources */,
				AFA8CA3E2DDF43EB00CAF42B /* MoviaApp.swift in Sources */,
				AFA8CA882DDFE25B00CAF42B /* CachedImage.swift in Sources */,
				AFA8CAC02DE47ACC00CAF42B /* ErrorResponse.swift in Sources */,
			);
			runOnlyForDeploymentPostprocessing = 0;
		};
		AFA8C9D52DDF3A2A00CAF42B /* Sources */ = {
			isa = PBXSourcesBuildPhase;
			buildActionMask = 2147483647;
			files = (
			);
			runOnlyForDeploymentPostprocessing = 0;
		};
		AFA8C9DF2DDF3A2A00CAF42B /* Sources */ = {
			isa = PBXSourcesBuildPhase;
			buildActionMask = 2147483647;
			files = (
			);
			runOnlyForDeploymentPostprocessing = 0;
		};
/* End PBXSourcesBuildPhase section */

/* Begin PBXTargetDependency section */
		AFA8C9DB2DDF3A2A00CAF42B /* PBXTargetDependency */ = {
			isa = PBXTargetDependency;
			target = AFA8C9C82DDF3A2800CAF42B /* Movia */;
			targetProxy = AFA8C9DA2DDF3A2A00CAF42B /* PBXContainerItemProxy */;
		};
		AFA8C9E52DDF3A2A00CAF42B /* PBXTargetDependency */ = {
			isa = PBXTargetDependency;
			target = AFA8C9C82DDF3A2800CAF42B /* Movia */;
			targetProxy = AFA8C9E42DDF3A2A00CAF42B /* PBXContainerItemProxy */;
		};
/* End PBXTargetDependency section */

/* Begin XCBuildConfiguration section */
		AFA8C9EB2DDF3A2A00CAF42B /* Debug */ = {
			isa = XCBuildConfiguration;
			buildSettings = {
				ALWAYS_SEARCH_USER_PATHS = NO;
				ASSETCATALOG_COMPILER_GENERATE_SWIFT_ASSET_SYMBOL_EXTENSIONS = YES;
				CLANG_ANALYZER_NONNULL = YES;
				CLANG_ANALYZER_NUMBER_OBJECT_CONVERSION = YES_AGGRESSIVE;
				CLANG_CXX_LANGUAGE_STANDARD = "gnu++20";
				CLANG_ENABLE_MODULES = YES;
				CLANG_ENABLE_OBJC_ARC = YES;
				CLANG_ENABLE_OBJC_WEAK = YES;
				CLANG_WARN_BLOCK_CAPTURE_AUTORELEASING = YES;
				CLANG_WARN_BOOL_CONVERSION = YES;
				CLANG_WARN_COMMA = YES;
				CLANG_WARN_CONSTANT_CONVERSION = YES;
				CLANG_WARN_DEPRECATED_OBJC_IMPLEMENTATIONS = YES;
				CLANG_WARN_DIRECT_OBJC_ISA_USAGE = YES_ERROR;
				CLANG_WARN_DOCUMENTATION_COMMENTS = YES;
				CLANG_WARN_EMPTY_BODY = YES;
				CLANG_WARN_ENUM_CONVERSION = YES;
				CLANG_WARN_INFINITE_RECURSION = YES;
				CLANG_WARN_INT_CONVERSION = YES;
				CLANG_WARN_NON_LITERAL_NULL_CONVERSION = YES;
				CLANG_WARN_OBJC_IMPLICIT_RETAIN_SELF = YES;
				CLANG_WARN_OBJC_LITERAL_CONVERSION = YES;
				CLANG_WARN_OBJC_ROOT_CLASS = YES_ERROR;
				CLANG_WARN_QUOTED_INCLUDE_IN_FRAMEWORK_HEADER = YES;
				CLANG_WARN_RANGE_LOOP_ANALYSIS = YES;
				CLANG_WARN_STRICT_PROTOTYPES = YES;
				CLANG_WARN_SUSPICIOUS_MOVE = YES;
				CLANG_WARN_UNGUARDED_AVAILABILITY = YES_AGGRESSIVE;
				CLANG_WARN_UNREACHABLE_CODE = YES;
				CLANG_WARN__DUPLICATE_METHOD_MATCH = YES;
				COPY_PHASE_STRIP = NO;
				DEBUG_INFORMATION_FORMAT = dwarf;
				ENABLE_STRICT_OBJC_MSGSEND = YES;
				ENABLE_TESTABILITY = YES;
				ENABLE_USER_SCRIPT_SANDBOXING = YES;
				GCC_C_LANGUAGE_STANDARD = gnu17;
				GCC_DYNAMIC_NO_PIC = NO;
				GCC_NO_COMMON_BLOCKS = YES;
				GCC_OPTIMIZATION_LEVEL = 0;
				GCC_PREPROCESSOR_DEFINITIONS = (
					"DEBUG=1",
					"$(inherited)",
				);
				GCC_WARN_64_TO_32_BIT_CONVERSION = YES;
				GCC_WARN_ABOUT_RETURN_TYPE = YES_ERROR;
				GCC_WARN_UNDECLARED_SELECTOR = YES;
				GCC_WARN_UNINITIALIZED_AUTOS = YES_AGGRESSIVE;
				GCC_WARN_UNUSED_FUNCTION = YES;
				GCC_WARN_UNUSED_VARIABLE = YES;
				IPHONEOS_DEPLOYMENT_TARGET = 18.2;
				LOCALIZATION_PREFERS_STRING_CATALOGS = YES;
				MTL_ENABLE_DEBUG_INFO = INCLUDE_SOURCE;
				MTL_FAST_MATH = YES;
				ONLY_ACTIVE_ARCH = YES;
				SDKROOT = iphoneos;
				SWIFT_ACTIVE_COMPILATION_CONDITIONS = "DEBUG $(inherited)";
				SWIFT_OPTIMIZATION_LEVEL = "-Onone";
			};
			name = Debug;
		};
		AFA8C9EC2DDF3A2A00CAF42B /* Release */ = {
			isa = XCBuildConfiguration;
			buildSettings = {
				ALWAYS_SEARCH_USER_PATHS = NO;
				ASSETCATALOG_COMPILER_GENERATE_SWIFT_ASSET_SYMBOL_EXTENSIONS = YES;
				CLANG_ANALYZER_NONNULL = YES;
				CLANG_ANALYZER_NUMBER_OBJECT_CONVERSION = YES_AGGRESSIVE;
				CLANG_CXX_LANGUAGE_STANDARD = "gnu++20";
				CLANG_ENABLE_MODULES = YES;
				CLANG_ENABLE_OBJC_ARC = YES;
				CLANG_ENABLE_OBJC_WEAK = YES;
				CLANG_WARN_BLOCK_CAPTURE_AUTORELEASING = YES;
				CLANG_WARN_BOOL_CONVERSION = YES;
				CLANG_WARN_COMMA = YES;
				CLANG_WARN_CONSTANT_CONVERSION = YES;
				CLANG_WARN_DEPRECATED_OBJC_IMPLEMENTATIONS = YES;
				CLANG_WARN_DIRECT_OBJC_ISA_USAGE = YES_ERROR;
				CLANG_WARN_DOCUMENTATION_COMMENTS = YES;
				CLANG_WARN_EMPTY_BODY = YES;
				CLANG_WARN_ENUM_CONVERSION = YES;
				CLANG_WARN_INFINITE_RECURSION = YES;
				CLANG_WARN_INT_CONVERSION = YES;
				CLANG_WARN_NON_LITERAL_NULL_CONVERSION = YES;
				CLANG_WARN_OBJC_IMPLICIT_RETAIN_SELF = YES;
				CLANG_WARN_OBJC_LITERAL_CONVERSION = YES;
				CLANG_WARN_OBJC_ROOT_CLASS = YES_ERROR;
				CLANG_WARN_QUOTED_INCLUDE_IN_FRAMEWORK_HEADER = YES;
				CLANG_WARN_RANGE_LOOP_ANALYSIS = YES;
				CLANG_WARN_STRICT_PROTOTYPES = YES;
				CLANG_WARN_SUSPICIOUS_MOVE = YES;
				CLANG_WARN_UNGUARDED_AVAILABILITY = YES_AGGRESSIVE;
				CLANG_WARN_UNREACHABLE_CODE = YES;
				CLANG_WARN__DUPLICATE_METHOD_MATCH = YES;
				COPY_PHASE_STRIP = NO;
				DEBUG_INFORMATION_FORMAT = "dwarf-with-dsym";
				ENABLE_NS_ASSERTIONS = NO;
				ENABLE_STRICT_OBJC_MSGSEND = YES;
				ENABLE_USER_SCRIPT_SANDBOXING = YES;
				GCC_C_LANGUAGE_STANDARD = gnu17;
				GCC_NO_COMMON_BLOCKS = YES;
				GCC_WARN_64_TO_32_BIT_CONVERSION = YES;
				GCC_WARN_ABOUT_RETURN_TYPE = YES_ERROR;
				GCC_WARN_UNDECLARED_SELECTOR = YES;
				GCC_WARN_UNINITIALIZED_AUTOS = YES_AGGRESSIVE;
				GCC_WARN_UNUSED_FUNCTION = YES;
				GCC_WARN_UNUSED_VARIABLE = YES;
				IPHONEOS_DEPLOYMENT_TARGET = 18.2;
				LOCALIZATION_PREFERS_STRING_CATALOGS = YES;
				MTL_ENABLE_DEBUG_INFO = NO;
				MTL_FAST_MATH = YES;
				SDKROOT = iphoneos;
				SWIFT_COMPILATION_MODE = wholemodule;
				VALIDATE_PRODUCT = YES;
			};
			name = Release;
		};
		AFA8C9EE2DDF3A2A00CAF42B /* Debug */ = {
			isa = XCBuildConfiguration;
			buildSettings = {
				ASSETCATALOG_COMPILER_APPICON_NAME = AppIcon;
				ASSETCATALOG_COMPILER_GLOBAL_ACCENT_COLOR_NAME = AccentColor;
				CODE_SIGN_STYLE = Automatic;
				CURRENT_PROJECT_VERSION = 1;
				DEVELOPMENT_ASSET_PATHS = "\"Movia/Preview Content\"";
				DEVELOPMENT_TEAM = 46KN7896SK;
				ENABLE_PREVIEWS = YES;
				GENERATE_INFOPLIST_FILE = YES;
				INFOPLIST_KEY_UIApplicationSceneManifest_Generation = YES;
				INFOPLIST_KEY_UIApplicationSupportsIndirectInputEvents = YES;
				INFOPLIST_KEY_UILaunchScreen_Generation = YES;
				INFOPLIST_KEY_UISupportedInterfaceOrientations_iPad = "UIInterfaceOrientationPortrait UIInterfaceOrientationPortraitUpsideDown UIInterfaceOrientationLandscapeLeft UIInterfaceOrientationLandscapeRight";
				INFOPLIST_KEY_UISupportedInterfaceOrientations_iPhone = "UIInterfaceOrientationPortrait UIInterfaceOrientationLandscapeLeft UIInterfaceOrientationLandscapeRight";
				LD_RUNPATH_SEARCH_PATHS = (
					"$(inherited)",
					"@executable_path/Frameworks",
				);
				MARKETING_VERSION = 1.0;
				PRODUCT_BUNDLE_IDENTIFIER = sedatbarlin.Movia;
				PRODUCT_NAME = "$(TARGET_NAME)";
				SWIFT_EMIT_LOC_STRINGS = YES;
				SWIFT_VERSION = 5.0;
				TARGETED_DEVICE_FAMILY = "1,2";
			};
			name = Debug;
		};
		AFA8C9EF2DDF3A2A00CAF42B /* Release */ = {
			isa = XCBuildConfiguration;
			buildSettings = {
				ASSETCATALOG_COMPILER_APPICON_NAME = AppIcon;
				ASSETCATALOG_COMPILER_GLOBAL_ACCENT_COLOR_NAME = AccentColor;
				CODE_SIGN_STYLE = Automatic;
				CURRENT_PROJECT_VERSION = 1;
				DEVELOPMENT_ASSET_PATHS = "\"Movia/Preview Content\"";
				DEVELOPMENT_TEAM = 46KN7896SK;
				ENABLE_PREVIEWS = YES;
				GENERATE_INFOPLIST_FILE = YES;
				INFOPLIST_KEY_UIApplicationSceneManifest_Generation = YES;
				INFOPLIST_KEY_UIApplicationSupportsIndirectInputEvents = YES;
				INFOPLIST_KEY_UILaunchScreen_Generation = YES;
				INFOPLIST_KEY_UISupportedInterfaceOrientations_iPad = "UIInterfaceOrientationPortrait UIInterfaceOrientationPortraitUpsideDown UIInterfaceOrientationLandscapeLeft UIInterfaceOrientationLandscapeRight";
				INFOPLIST_KEY_UISupportedInterfaceOrientations_iPhone = "UIInterfaceOrientationPortrait UIInterfaceOrientationLandscapeLeft UIInterfaceOrientationLandscapeRight";
				LD_RUNPATH_SEARCH_PATHS = (
					"$(inherited)",
					"@executable_path/Frameworks",
				);
				MARKETING_VERSION = 1.0;
				PRODUCT_BUNDLE_IDENTIFIER = sedatbarlin.Movia;
				PRODUCT_NAME = "$(TARGET_NAME)";
				SWIFT_EMIT_LOC_STRINGS = YES;
				SWIFT_VERSION = 5.0;
				TARGETED_DEVICE_FAMILY = "1,2";
			};
			name = Release;
		};
		AFA8C9F12DDF3A2A00CAF42B /* Debug */ = {
			isa = XCBuildConfiguration;
			buildSettings = {
				BUNDLE_LOADER = "$(TEST_HOST)";
				CODE_SIGN_STYLE = Automatic;
				CURRENT_PROJECT_VERSION = 1;
				DEVELOPMENT_TEAM = 46KN7896SK;
				GENERATE_INFOPLIST_FILE = YES;
				IPHONEOS_DEPLOYMENT_TARGET = 18.2;
				MARKETING_VERSION = 1.0;
				PRODUCT_BUNDLE_IDENTIFIER = sedatbarlin.MoviaTests;
				PRODUCT_NAME = "$(TARGET_NAME)";
				SWIFT_EMIT_LOC_STRINGS = NO;
				SWIFT_VERSION = 5.0;
				TARGETED_DEVICE_FAMILY = "1,2";
				TEST_HOST = "$(BUILT_PRODUCTS_DIR)/Movia.app/$(BUNDLE_EXECUTABLE_FOLDER_PATH)/Movia";
			};
			name = Debug;
		};
		AFA8C9F22DDF3A2A00CAF42B /* Release */ = {
			isa = XCBuildConfiguration;
			buildSettings = {
				BUNDLE_LOADER = "$(TEST_HOST)";
				CODE_SIGN_STYLE = Automatic;
				CURRENT_PROJECT_VERSION = 1;
				DEVELOPMENT_TEAM = 46KN7896SK;
				GENERATE_INFOPLIST_FILE = YES;
				IPHONEOS_DEPLOYMENT_TARGET = 18.2;
				MARKETING_VERSION = 1.0;
				PRODUCT_BUNDLE_IDENTIFIER = sedatbarlin.MoviaTests;
				PRODUCT_NAME = "$(TARGET_NAME)";
				SWIFT_EMIT_LOC_STRINGS = NO;
				SWIFT_VERSION = 5.0;
				TARGETED_DEVICE_FAMILY = "1,2";
				TEST_HOST = "$(BUILT_PRODUCTS_DIR)/Movia.app/$(BUNDLE_EXECUTABLE_FOLDER_PATH)/Movia";
			};
			name = Release;
		};
		AFA8C9F42DDF3A2A00CAF42B /* Debug */ = {
			isa = XCBuildConfiguration;
			buildSettings = {
				CODE_SIGN_STYLE = Automatic;
				CURRENT_PROJECT_VERSION = 1;
				DEVELOPMENT_TEAM = 46KN7896SK;
				GENERATE_INFOPLIST_FILE = YES;
				MARKETING_VERSION = 1.0;
				PRODUCT_BUNDLE_IDENTIFIER = sedatbarlin.MoviaUITests;
				PRODUCT_NAME = "$(TARGET_NAME)";
				SWIFT_EMIT_LOC_STRINGS = NO;
				SWIFT_VERSION = 5.0;
				TARGETED_DEVICE_FAMILY = "1,2";
				TEST_TARGET_NAME = Movia;
			};
			name = Debug;
		};
		AFA8C9F52DDF3A2A00CAF42B /* Release */ = {
			isa = XCBuildConfiguration;
			buildSettings = {
				CODE_SIGN_STYLE = Automatic;
				CURRENT_PROJECT_VERSION = 1;
				DEVELOPMENT_TEAM = 46KN7896SK;
				GENERATE_INFOPLIST_FILE = YES;
				MARKETING_VERSION = 1.0;
				PRODUCT_BUNDLE_IDENTIFIER = sedatbarlin.MoviaUITests;
				PRODUCT_NAME = "$(TARGET_NAME)";
				SWIFT_EMIT_LOC_STRINGS = NO;
				SWIFT_VERSION = 5.0;
				TARGETED_DEVICE_FAMILY = "1,2";
				TEST_TARGET_NAME = Movia;
			};
			name = Release;
		};
/* End XCBuildConfiguration section */

/* Begin XCConfigurationList section */
		AFA8C9C42DDF3A2800CAF42B /* Build configuration list for PBXProject "Movia" */ = {
			isa = XCConfigurationList;
			buildConfigurations = (
				AFA8C9EB2DDF3A2A00CAF42B /* Debug */,
				AFA8C9EC2DDF3A2A00CAF42B /* Release */,
			);
			defaultConfigurationIsVisible = 0;
			defaultConfigurationName = Release;
		};
		AFA8C9ED2DDF3A2A00CAF42B /* Build configuration list for PBXNativeTarget "Movia" */ = {
			isa = XCConfigurationList;
			buildConfigurations = (
				AFA8C9EE2DDF3A2A00CAF42B /* Debug */,
				AFA8C9EF2DDF3A2A00CAF42B /* Release */,
			);
			defaultConfigurationIsVisible = 0;
			defaultConfigurationName = Release;
		};
		AFA8C9F02DDF3A2A00CAF42B /* Build configuration list for PBXNativeTarget "MoviaTests" */ = {
			isa = XCConfigurationList;
			buildConfigurations = (
				AFA8C9F12DDF3A2A00CAF42B /* Debug */,
				AFA8C9F22DDF3A2A00CAF42B /* Release */,
			);
			defaultConfigurationIsVisible = 0;
			defaultConfigurationName = Release;
		};
		AFA8C9F32DDF3A2A00CAF42B /* Build configuration list for PBXNativeTarget "MoviaUITests" */ = {
			isa = XCConfigurationList;
			buildConfigurations = (
				AFA8C9F42DDF3A2A00CAF42B /* Debug */,
				AFA8C9F52DDF3A2A00CAF42B /* Release */,
			);
			defaultConfigurationIsVisible = 0;
			defaultConfigurationName = Release;
		};
/* End XCConfigurationList section */
	};
	rootObject = AFA8C9C12DDF3A2800CAF42B /* Project object */;
}
