// !$*UTF8*$!
{
	archiveVersion = 1;
	classes = {
	};
	objectVersion = 77;
	objects = {

/* Begin PBXContainerItemProxy section */
		AFA8C9DA2DDF3A2A00CAF42B /* PBXContainerItemProxy */ = {
			isa = PBXContainerItemProxy;
			containerPortal = AFA8C9C12DDF3A2800CAF42B /* Project object */;
			proxyType = 1;
			remoteGlobalIDString = AFA8C9C82DDF3A2800CAF42B;
			remoteInfo = Movia;
		};
		AFA8C9E42DDF3A2A00CAF42B /* PBXContainerItemProxy */ = {
			isa = PBXContainerItemProxy;
			containerPortal = AFA8C9C12DDF3A2800CAF42B /* Project object */;
			proxyType = 1;
			remoteGlobalIDString = AFA8C9C82DDF3A2800CAF42B;
			remoteInfo = Movia;
		};
/* End PBXContainerItemProxy section */

/* Begin PBXFileReference section */
		AFA8C9C92DDF3A2800CAF42B /* Movia.app */ = {isa = PBXFileReference; explicitFileType = wrapper.application; includeInIndex = 0; path = Movia.app; sourceTree = BUILT_PRODUCTS_DIR; };
		AFA8C9D92DDF3A2A00CAF42B /* MoviaTests.xctest */ = {isa = PBXFileReference; explicitFileType = wrapper.cfbundle; includeInIndex = 0; path = MoviaTests.xctest; sourceTree = BUILT_PRODUCTS_DIR; };
		AFA8C9E32DDF3A2A00CAF42B /* MoviaUITests.xctest */ = {isa = PBXFileReference; explicitFileType = wrapper.cfbundle; includeInIndex = 0; path = MoviaUITests.xctest; sourceTree = BUILT_PRODUCTS_DIR; };
/* End PBXFileReference section */

/* Begin PBXFileSystemSynchronizedRootGroup section */
		AFA8C9CB2DDF3A2800CAF42B /* Movia */ = {
			isa = PBXFileSystemSynchronizedRootGroup;
			path = Movia;
			sourceTree = "<group>";
		};
		AFA8C9DC2DDF3A2A00CAF42B /* MoviaTests */ = {
			isa = PBXFileSystemSynchronizedRootGroup;
			path = MoviaTests;
			sourceTree = "<group>";
		};
		AFA8C9E62DDF3A2A00CAF42B /* MoviaUITests */ = {
			isa = PBXFileSystemSynchronizedRootGroup;
			path = MoviaUITests;
			sourceTree = "<group>";
		};
/* End PBXFileSystemSynchronizedRootGroup section */

/* Begin PBXFrameworksBuildPhase section */
		AFA8C9C62DDF3A2800CAF42B /* Frameworks */ = {
			isa = PBXFrameworksBuildPhase;
			buildActionMask = 2147483647;
			files = (
			);
			runOnlyForDeploymentPostprocessing = 0;
		};
		AFA8C9D62DDF3A2A00CAF42B /* Frameworks */ = {
			isa = PBXFrameworksBuildPhase;
			buildActionMask = 2147483647;
			files = (
			);
			runOnlyForDeploymentPostprocessing = 0;
		};
		AFA8C9E02DDF3A2A00CAF42B /* Frameworks */ = {
			isa = PBXFrameworksBuildPhase;
			buildActionMask = 2147483647;
			files = (
			);
			runOnlyForDeploymentPostprocessing = 0;
		};
/* End PBXFrameworksBuildPhase section */

/* Begin PBXGroup section */
		AFA8C9C02DDF3A2800CAF42B = {
			isa = PBXGroup;
			children = (
				AFA8C9CB2DDF3A2800CAF42B /* Movia */,
				AFA8C9DC2DDF3A2A00CAF42B /* MoviaTests */,
				AFA8C9E62DDF3A2A00CAF42B /* MoviaUITests */,
				AFA8C9CA2DDF3A2800CAF42B /* Products */,
			);
			sourceTree = "<group>";
		};
		AFA8C9CA2DDF3A2800CAF42B /* Products */ = {
			isa = PBXGroup;
			children = (
				AFA8C9C92DDF3A2800CAF42B /* Movia.app */,
				AFA8C9D92DDF3A2A00CAF42B /* MoviaTests.xctest */,
				AFA8C9E32DDF3A2A00CAF42B /* MoviaUITests.xctest */,
			);
			name = Products;
			sourceTree = "<group>";
		};
/* End PBXGroup section */

/* Begin PBXNativeTarget section */
		AFA8C9C82DDF3A2800CAF42B /* Movia */ = {
			isa = PBXNativeTarget;
			buildConfigurationList = AFA8C9ED2DDF3A2A00CAF42B /* Build configuration list for PBXNativeTarget "Movia" */;
			buildPhases = (
				AFA8C9C52DDF3A2800CAF42B /* Sources */,
				AFA8C9C62DDF3A2800CAF42B /* Frameworks */,
				AFA8C9C72DDF3A2800CAF42B /* Resources */,
			);
			buildRules = (
			);
			dependencies = (
			);
			fileSystemSynchronizedGroups = (
				AFA8C9CB2DDF3A2800CAF42B /* Movia */,
			);
			name = Movia;
			packageProductDependencies = (
			);
			productName = Movia;
			productReference = AFA8C9C92DDF3A2800CAF42B /* Movia.app */;
			productType = "com.apple.product-type.application";
		};
		AFA8C9D82DDF3A2A00CAF42B /* MoviaTests */ = {
			isa = PBXNativeTarget;
			buildConfigurationList = AFA8C9F02DDF3A2A00CAF42B /* Build configuration list for PBXNativeTarget "MoviaTests" */;
			buildPhases = (
				AFA8C9D52DDF3A2A00CAF42B /* Sources */,
				AFA8C9D62DDF3A2A00CAF42B /* Frameworks */,
				AFA8C9D72DDF3A2A00CAF42B /* Resources */,
			);
			buildRules = (
			);
			dependencies = (
				AFA8C9DB2DDF3A2A00CAF42B /* PBXTargetDependency */,
			);
			fileSystemSynchronizedGroups = (
				AFA8C9DC2DDF3A2A00CAF42B /* MoviaTests */,
			);
			name = MoviaTests;
			packageProductDependencies = (
			);
			productName = MoviaTests;
			productReference = AFA8C9D92DDF3A2A00CAF42B /* MoviaTests.xctest */;
			productType = "com.apple.product-type.bundle.unit-test";
		};
		AFA8C9E22DDF3A2A00CAF42B /* MoviaUITests */ = {
			isa = PBXNativeTarget;
			buildConfigurationList = AFA8C9F32DDF3A2A00CAF42B /* Build configuration list for PBXNativeTarget "MoviaUITests" */;
			buildPhases = (
				AFA8C9DF2DDF3A2A00CAF42B /* Sources */,
				AFA8C9E02DDF3A2A00CAF42B /* Frameworks */,
				AFA8C9E12DDF3A2A00CAF42B /* Resources */,
			);
			buildRules = (
			);
			dependencies = (
				AFA8C9E52DDF3A2A00CAF42B /* PBXTargetDependency */,
			);
			fileSystemSynchronizedGroups = (
				AFA8C9E62DDF3A2A00CAF42B /* MoviaUITests */,
			);
			name = MoviaUITests;
			packageProductDependencies = (
			);
			productName = MoviaUITests;
			productReference = AFA8C9E32DDF3A2A00CAF42B /* MoviaUITests.xctest */;
			productType = "com.apple.product-type.bundle.ui-testing";
		};
/* End PBXNativeTarget section */

/* Begin PBXProject section */
		AFA8C9C12DDF3A2800CAF42B /* Project object */ = {
			isa = PBXProject;
			attributes = {
				BuildIndependentTargetsInParallel = 1;
				LastSwiftUpdateCheck = 1620;
				LastUpgradeCheck = 1620;
				TargetAttributes = {
					AFA8C9C82DDF3A2800CAF42B = {
						CreatedOnToolsVersion = 16.2;
					};
					AFA8C9D82DDF3A2A00CAF42B = {
						CreatedOnToolsVersion = 16.2;
						TestTargetID = AFA8C9C82DDF3A2800CAF42B;
					};
					AFA8C9E22DDF3A2A00CAF42B = {
						CreatedOnToolsVersion = 16.2;
						TestTargetID = AFA8C9C82DDF3A2800CAF42B;
					};
				};
			};
			buildConfigurationList = AFA8C9C42DDF3A2800CAF42B /* Build configuration list for PBXProject "Movia" */;
			developmentRegion = en;
			hasScannedForEncodings = 0;
			knownRegions = (
				en,
				Base,
			);
			mainGroup = AFA8C9C02DDF3A2800CAF42B;
			minimizedProjectReferenceProxies = 1;
			preferredProjectObjectVersion = 77;
			productRefGroup = AFA8C9CA2DDF3A2800CAF42B /* Products */;
			projectDirPath = "";
			projectRoot = "";
			targets = (
				AFA8C9C82DDF3A2800CAF42B /* Movia */,
				AFA8C9D82DDF3A2A00CAF42B /* MoviaTests */,
				AFA8C9E22DDF3A2A00CAF42B /* MoviaUITests */,
			);
		};
/* End PBXProject section */

/* Begin PBXResourcesBuildPhase section */
		AFA8C9C72DDF3A2800CAF42B /* Resources */ = {
			isa = PBXResourcesBuildPhase;
			buildActionMask = 2147483647;
			files = (
			);
			runOnlyForDeploymentPostprocessing = 0;
		};
		AFA8C9D72DDF3A2A00CAF42B /* Resources */ = {
			isa = PBXResourcesBuildPhase;
			buildActionMask = 2147483647;
			files = (
			);
			runOnlyForDeploymentPostprocessing = 0;
		};
		AFA8C9E12DDF3A2A00CAF42B /* Resources */ = {
			isa = PBXResourcesBuildPhase;
			buildActionMask = 2147483647;
			files = (
			);
			runOnlyForDeploymentPostprocessing = 0;
		};
/* End PBXResourcesBuildPhase section */

/* Begin PBXSourcesBuildPhase section */
		AFA8C9C52DDF3A2800CAF42B /* Sources */ = {
			isa = PBXSourcesBuildPhase;
			buildActionMask = 2147483647;
			files = (
			);
			runOnlyForDeploymentPostprocessing = 0;
		};
		AFA8C9D52DDF3A2A00CAF42B /* Sources */ = {
			isa = PBXSourcesBuildPhase;
			buildActionMask = 2147483647;
			files = (
			);
			runOnlyForDeploymentPostprocessing = 0;
		};
		AFA8C9DF2DDF3A2A00CAF42B /* Sources */ = {
			isa = PBXSourcesBuildPhase;
			buildActionMask = 2147483647;
			files = (
			);
			runOnlyForDeploymentPostprocessing = 0;
		};
/* End PBXSourcesBuildPhase section */

/* Begin PBXTargetDependency section */
		AFA8C9DB2DDF3A2A00CAF42B /* PBXTargetDependency */ = {
			isa = PBXTargetDependency;
			target = AFA8C9C82DDF3A2800CAF42B /* Movia */;
			targetProxy = AFA8C9DA2DDF3A2A00CAF42B /* PBXContainerItemProxy */;
		};
		AFA8C9E52DDF3A2A00CAF42B /* PBXTargetDependency */ = {
			isa = PBXTargetDependency;
			target = AFA8C9C82DDF3A2800CAF42B /* Movia */;
			targetProxy = AFA8C9E42DDF3A2A00CAF42B /* PBXContainerItemProxy */;
		};
/* End PBXTargetDependency section */

/* Begin XCBuildConfiguration section */
		AFA8C9EB2DDF3A2A00CAF42B /* Debug */ = {
			isa = XCBuildConfiguration;
			buildSettings = {
				ALWAYS_SEARCH_USER_PATHS = NO;
				ASSETCATALOG_COMPILER_GENERATE_SWIFT_ASSET_SYMBOL_EXTENSIONS = YES;
				CLANG_ANALYZER_NONNULL = YES;
				CLANG_ANALYZER_NUMBER_OBJECT_CONVERSION = YES_AGGRESSIVE;
				CLANG_CXX_LANGUAGE_STANDARD = "gnu++20";
				CLANG_ENABLE_MODULES = YES;
				CLANG_ENABLE_OBJC_ARC = YES;
				CLANG_ENABLE_OBJC_WEAK = YES;
				CLANG_WARN_BLOCK_CAPTURE_AUTORELEASING = YES;
				CLANG_WARN_BOOL_CONVERSION = YES;
				CLANG_WARN_COMMA = YES;
				CLANG_WARN_CONSTANT_CONVERSION = YES;
				CLANG_WARN_DEPRECATED_OBJC_IMPLEMENTATIONS = YES;
				CLANG_WARN_DIRECT_OBJC_ISA_USAGE = YES_ERROR;
				CLANG_WARN_DOCUMENTATION_COMMENTS = YES;
				CLANG_WARN_EMPTY_BODY = YES;
				CLANG_WARN_ENUM_CONVERSION = YES;
				CLANG_WARN_INFINITE_RECURSION = YES;
				CLANG_WARN_INT_CONVERSION = YES;
				CLANG_WARN_NON_LITERAL_NULL_CONVERSION = YES;
				CLANG_WARN_OBJC_IMPLICIT_RETAIN_SELF = YES;
				CLANG_WARN_OBJC_LITERAL_CONVERSION = YES;
				CLANG_WARN_OBJC_ROOT_CLASS = YES_ERROR;
				CLANG_WARN_QUOTED_INCLUDE_IN_FRAMEWORK_HEADER = YES;
				CLANG_WARN_RANGE_LOOP_ANALYSIS = YES;
				CLANG_WARN_STRICT_PROTOTYPES = YES;
				CLANG_WARN_SUSPICIOUS_MOVE = YES;
				CLANG_WARN_UNGUARDED_AVAILABILITY = YES_AGGRESSIVE;
				CLANG_WARN_UNREACHABLE_CODE = YES;
				CLANG_WARN__DUPLICATE_METHOD_MATCH = YES;
				COPY_PHASE_STRIP = NO;
				DEBUG_INFORMATION_FORMAT = dwarf;
				ENABLE_STRICT_OBJC_MSGSEND = YES;
				ENABLE_TESTABILITY = YES;
				ENABLE_USER_SCRIPT_SANDBOXING = YES;
				GCC_C_LANGUAGE_STANDARD = gnu17;
				GCC_DYNAMIC_NO_PIC = NO;
				GCC_NO_COMMON_BLOCKS = YES;
				GCC_OPTIMIZATION_LEVEL = 0;
				GCC_PREPROCESSOR_DEFINITIONS = (
					"DEBUG=1",
					"$(inherited)",
				);
				GCC_WARN_64_TO_32_BIT_CONVERSION = YES;
				GCC_WARN_ABOUT_RETURN_TYPE = YES_ERROR;
				GCC_WARN_UNDECLARED_SELECTOR = YES;
				GCC_WARN_UNINITIALIZED_AUTOS = YES_AGGRESSIVE;
				GCC_WARN_UNUSED_FUNCTION = YES;
				GCC_WARN_UNUSED_VARIABLE = YES;
				IPHONEOS_DEPLOYMENT_TARGET = 18.2;
				LOCALIZATION_PREFERS_STRING_CATALOGS = YES;
				MTL_ENABLE_DEBUG_INFO = INCLUDE_SOURCE;
				MTL_FAST_MATH = YES;
				ONLY_ACTIVE_ARCH = YES;
				SDKROOT = iphoneos;
				SWIFT_ACTIVE_COMPILATION_CONDITIONS = "DEBUG $(inherited)";
				SWIFT_OPTIMIZATION_LEVEL = "-Onone";
			};
			name = Debug;
		};
		AFA8C9EC2DDF3A2A00CAF42B /* Release */ = {
			isa = XCBuildConfiguration;
			buildSettings = {
				ALWAYS_SEARCH_USER_PATHS = NO;
				ASSETCATALOG_COMPILER_GENERATE_SWIFT_ASSET_SYMBOL_EXTENSIONS = YES;
				CLANG_ANALYZER_NONNULL = YES;
				CLANG_ANALYZER_NUMBER_OBJECT_CONVERSION = YES_AGGRESSIVE;
				CLANG_CXX_LANGUAGE_STANDARD = "gnu++20";
				CLANG_ENABLE_MODULES = YES;
				CLANG_ENABLE_OBJC_ARC = YES;
				CLANG_ENABLE_OBJC_WEAK = YES;
				CLANG_WARN_BLOCK_CAPTURE_AUTORELEASING = YES;
				CLANG_WARN_BOOL_CONVERSION = YES;
				CLANG_WARN_COMMA = YES;
				CLANG_WARN_CONSTANT_CONVERSION = YES;
				CLANG_WARN_DEPRECATED_OBJC_IMPLEMENTATIONS = YES;
				CLANG_WARN_DIRECT_OBJC_ISA_USAGE = YES_ERROR;
				CLANG_WARN_DOCUMENTATION_COMMENTS = YES;
				CLANG_WARN_EMPTY_BODY = YES;
				CLANG_WARN_ENUM_CONVERSION = YES;
				CLANG_WARN_INFINITE_RECURSION = YES;
				CLANG_WARN_INT_CONVERSION = YES;
				CLANG_WARN_NON_LITERAL_NULL_CONVERSION = YES;
				CLANG_WARN_OBJC_IMPLICIT_RETAIN_SELF = YES;
				CLANG_WARN_OBJC_LITERAL_CONVERSION = YES;
				CLANG_WARN_OBJC_ROOT_CLASS = YES_ERROR;
				CLANG_WARN_QUOTED_INCLUDE_IN_FRAMEWORK_HEADER = YES;
				CLANG_WARN_RANGE_LOOP_ANALYSIS = YES;
				CLANG_WARN_STRICT_PROTOTYPES = YES;
				CLANG_WARN_SUSPICIOUS_MOVE = YES;
				CLANG_WARN_UNGUARDED_AVAILABILITY = YES_AGGRESSIVE;
				CLANG_WARN_UNREACHABLE_CODE = YES;
				CLANG_WARN__DUPLICATE_METHOD_MATCH = YES;
				COPY_PHASE_STRIP = NO;
				DEBUG_INFORMATION_FORMAT = "dwarf-with-dsym";
				ENABLE_NS_ASSERTIONS = NO;
				ENABLE_STRICT_OBJC_MSGSEND = YES;
				ENABLE_USER_SCRIPT_SANDBOXING = YES;
				GCC_C_LANGUAGE_STANDARD = gnu17;
				GCC_NO_COMMON_BLOCKS = YES;
				GCC_WARN_64_TO_32_BIT_CONVERSION = YES;
				GCC_WARN_ABOUT_RETURN_TYPE = YES_ERROR;
				GCC_WARN_UNDECLARED_SELECTOR = YES;
				GCC_WARN_UNINITIALIZED_AUTOS = YES_AGGRESSIVE;
				GCC_WARN_UNUSED_FUNCTION = YES;
				GCC_WARN_UNUSED_VARIABLE = YES;
				IPHONEOS_DEPLOYMENT_TARGET = 18.2;
				LOCALIZATION_PREFERS_STRING_CATALOGS = YES;
				MTL_ENABLE_DEBUG_INFO = NO;
				MTL_FAST_MATH = YES;
				SDKROOT = iphoneos;
				SWIFT_COMPILATION_MODE = wholemodule;
				VALIDATE_PRODUCT = YES;
			};
			name = Release;
		};
		AFA8C9EE2DDF3A2A00CAF42B /* Debug */ = {
			isa = XCBuildConfiguration;
			buildSettings = {
				ASSETCATALOG_COMPILER_APPICON_NAME = AppIcon;
				ASSETCATALOG_COMPILER_GLOBAL_ACCENT_COLOR_NAME = AccentColor;
				CODE_SIGN_STYLE = Automatic;
				CURRENT_PROJECT_VERSION = 1;
				DEVELOPMENT_ASSET_PATHS = "\"Movia/Preview Content\"";
				DEVELOPMENT_TEAM = 46KN7896SK;
				ENABLE_PREVIEWS = YES;
				GENERATE_INFOPLIST_FILE = YES;
				INFOPLIST_KEY_UIApplicationSceneManifest_Generation = YES;
				INFOPLIST_KEY_UIApplicationSupportsIndirectInputEvents = YES;
				INFOPLIST_KEY_UILaunchScreen_Generation = YES;
				INFOPLIST_KEY_UISupportedInterfaceOrientations_iPad = "UIInterfaceOrientationPortrait UIInterfaceOrientationPortraitUpsideDown UIInterfaceOrientationLandscapeLeft UIInterfaceOrientationLandscapeRight";
				INFOPLIST_KEY_UISupportedInterfaceOrientations_iPhone = "UIInterfaceOrientationPortrait UIInterfaceOrientationLandscapeLeft UIInterfaceOrientationLandscapeRight";
				LD_RUNPATH_SEARCH_PATHS = (
					"$(inherited)",
					"@executable_path/Frameworks",
				);
				MARKETING_VERSION = 1.0;
				PRODUCT_BUNDLE_IDENTIFIER = sedatbarlin.Movia;
				PRODUCT_NAME = "$(TARGET_NAME)";
				SWIFT_EMIT_LOC_STRINGS = YES;
				SWIFT_VERSION = 5.0;
				TARGETED_DEVICE_FAMILY = "1,2";
			};
			name = Debug;
		};
		AFA8C9EF2DDF3A2A00CAF42B /* Release */ = {
			isa = XCBuildConfiguration;
			buildSettings = {
				ASSETCATALOG_COMPILER_APPICON_NAME = AppIcon;
				ASSETCATALOG_COMPILER_GLOBAL_ACCENT_COLOR_NAME = AccentColor;
				CODE_SIGN_STYLE = Automatic;
				CURRENT_PROJECT_VERSION = 1;
				DEVELOPMENT_ASSET_PATHS = "\"Movia/Preview Content\"";
				DEVELOPMENT_TEAM = 46KN7896SK;
				ENABLE_PREVIEWS = YES;
				GENERATE_INFOPLIST_FILE = YES;
				INFOPLIST_KEY_UIApplicationSceneManifest_Generation = YES;
				INFOPLIST_KEY_UIApplicationSupportsIndirectInputEvents = YES;
				INFOPLIST_KEY_UILaunchScreen_Generation = YES;
				INFOPLIST_KEY_UISupportedInterfaceOrientations_iPad = "UIInterfaceOrientationPortrait UIInterfaceOrientationPortraitUpsideDown UIInterfaceOrientationLandscapeLeft UIInterfaceOrientationLandscapeRight";
				INFOPLIST_KEY_UISupportedInterfaceOrientations_iPhone = "UIInterfaceOrientationPortrait UIInterfaceOrientationLandscapeLeft UIInterfaceOrientationLandscapeRight";
				LD_RUNPATH_SEARCH_PATHS = (
					"$(inherited)",
					"@executable_path/Frameworks",
				);
				MARKETING_VERSION = 1.0;
				PRODUCT_BUNDLE_IDENTIFIER = sedatbarlin.Movia;
				PRODUCT_NAME = "$(TARGET_NAME)";
				SWIFT_EMIT_LOC_STRINGS = YES;
				SWIFT_VERSION = 5.0;
				TARGETED_DEVICE_FAMILY = "1,2";
			};
			name = Release;
		};
		AFA8C9F12DDF3A2A00CAF42B /* Debug */ = {
			isa = XCBuildConfiguration;
			buildSettings = {
				BUNDLE_LOADER = "$(TEST_HOST)";
				CODE_SIGN_STYLE = Automatic;
				CURRENT_PROJECT_VERSION = 1;
				DEVELOPMENT_TEAM = 46KN7896SK;
				GENERATE_INFOPLIST_FILE = YES;
				IPHONEOS_DEPLOYMENT_TARGET = 18.2;
				MARKETING_VERSION = 1.0;
				PRODUCT_BUNDLE_IDENTIFIER = sedatbarlin.MoviaTests;
				PRODUCT_NAME = "$(TARGET_NAME)";
				SWIFT_EMIT_LOC_STRINGS = NO;
				SWIFT_VERSION = 5.0;
				TARGETED_DEVICE_FAMILY = "1,2";
				TEST_HOST = "$(BUILT_PRODUCTS_DIR)/Movia.app/$(BUNDLE_EXECUTABLE_FOLDER_PATH)/Movia";
			};
			name = Debug;
		};
		AFA8C9F22DDF3A2A00CAF42B /* Release */ = {
			isa = XCBuildConfiguration;
			buildSettings = {
				BUNDLE_LOADER = "$(TEST_HOST)";
				CODE_SIGN_STYLE = Automatic;
				CURRENT_PROJECT_VERSION = 1;
				DEVELOPMENT_TEAM = 46KN7896SK;
				GENERATE_INFOPLIST_FILE = YES;
				IPHONEOS_DEPLOYMENT_TARGET = 18.2;
				MARKETING_VERSION = 1.0;
				PRODUCT_BUNDLE_IDENTIFIER = sedatbarlin.MoviaTests;
				PRODUCT_NAME = "$(TARGET_NAME)";
				SWIFT_EMIT_LOC_STRINGS = NO;
				SWIFT_VERSION = 5.0;
				TARGETED_DEVICE_FAMILY = "1,2";
				TEST_HOST = "$(BUILT_PRODUCTS_DIR)/Movia.app/$(BUNDLE_EXECUTABLE_FOLDER_PATH)/Movia";
			};
			name = Release;
		};
		AFA8C9F42DDF3A2A00CAF42B /* Debug */ = {
			isa = XCBuildConfiguration;
			buildSettings = {
				CODE_SIGN_STYLE = Automatic;
				CURRENT_PROJECT_VERSION = 1;
				DEVELOPMENT_TEAM = 46KN7896SK;
				GENERATE_INFOPLIST_FILE = YES;
				MARKETING_VERSION = 1.0;
				PRODUCT_BUNDLE_IDENTIFIER = sedatbarlin.MoviaUITests;
				PRODUCT_NAME = "$(TARGET_NAME)";
				SWIFT_EMIT_LOC_STRINGS = NO;
				SWIFT_VERSION = 5.0;
				TARGETED_DEVICE_FAMILY = "1,2";
				TEST_TARGET_NAME = Movia;
			};
			name = Debug;
		};
		AFA8C9F52DDF3A2A00CAF42B /* Release */ = {
			isa = XCBuildConfiguration;
			buildSettings = {
				CODE_SIGN_STYLE = Automatic;
				CURRENT_PROJECT_VERSION = 1;
				DEVELOPMENT_TEAM = 46KN7896SK;
				GENERATE_INFOPLIST_FILE = YES;
				MARKETING_VERSION = 1.0;
				PRODUCT_BUNDLE_IDENTIFIER = sedatbarlin.MoviaUITests;
				PRODUCT_NAME = "$(TARGET_NAME)";
				SWIFT_EMIT_LOC_STRINGS = NO;
				SWIFT_VERSION = 5.0;
				TARGETED_DEVICE_FAMILY = "1,2";
				TEST_TARGET_NAME = Movia;
			};
			name = Release;
		};
/* End XCBuildConfiguration section */

/* Begin XCConfigurationList section */
		AFA8C9C42DDF3A2800CAF42B /* Build configuration list for PBXProject "Movia" */ = {
			isa = XCConfigurationList;
			buildConfigurations = (
				AFA8C9EB2DDF3A2A00CAF42B /* Debug */,
				AFA8C9EC2DDF3A2A00CAF42B /* Release */,
			);
			defaultConfigurationIsVisible = 0;
			defaultConfigurationName = Release;
		};
		AFA8C9ED2DDF3A2A00CAF42B /* Build configuration list for PBXNativeTarget "Movia" */ = {
			isa = XCConfigurationList;
			buildConfigurations = (
				AFA8C9EE2DDF3A2A00CAF42B /* Debug */,
				AFA8C9EF2DDF3A2A00CAF42B /* Release */,
			);
			defaultConfigurationIsVisible = 0;
			defaultConfigurationName = Release;
		};
		AFA8C9F02DDF3A2A00CAF42B /* Build configuration list for PBXNativeTarget "MoviaTests" */ = {
			isa = XCConfigurationList;
			buildConfigurations = (
				AFA8C9F12DDF3A2A00CAF42B /* Debug */,
				AFA8C9F22DDF3A2A00CAF42B /* Release */,
			);
			defaultConfigurationIsVisible = 0;
			defaultConfigurationName = Release;
		};
		AFA8C9F32DDF3A2A00CAF42B /* Build configuration list for PBXNativeTarget "MoviaUITests" */ = {
			isa = XCConfigurationList;
			buildConfigurations = (
				AFA8C9F42DDF3A2A00CAF42B /* Debug */,
				AFA8C9F52DDF3A2A00CAF42B /* Release */,
			);
			defaultConfigurationIsVisible = 0;
			defaultConfigurationName = Release;
		};
/* End XCConfigurationList section */
	};
	rootObject = AFA8C9C12DDF3A2800CAF42B /* Project object */;
}
